
Microsoft Visual Studio Solution File, Format Version 12.00
# Visual Studio 15
VisualStudioVersion = 15.0.28307.489
MinimumVisualStudioVersion = 10.0.40219.1
Project("{FAE04EC0-301F-11D3-BF4B-00C04F79EFBC}") = "DemoLibs", "DemoLibs\DemoLibs.csproj", "{7FE34FDB-6105-40C6-8AFD-C88EB1969031}"
EndProject
Project("{FAE04EC0-301F-11D3-BF4B-00C04F79EFBC}") = "DemoLibs.Test", "DemoLibs.Test\DemoLibs.Test.csproj", "{A773F4F7-F165-40E2-A0AE-4A33AE3BC032}"
EndProject
Project("{2150E333-8FDC-42A3-9474-1A3956D46DE8}") = "Solution Items", "Solution Items", "{FBDD5D51-6558-4E26-8723-058B605C10F3}"
	ProjectSection(SolutionItems) = preProject
		..\readme.md = ..\readme.md
	EndProjectSection
EndProject
Global
	GlobalSection(SolutionConfigurationPlatforms) = preSolution
		Debug|Any CPU = Debug|Any CPU
		Release|Any CPU = Release|Any CPU
	EndGlobalSection
	GlobalSection(ProjectConfigurationPlatforms) = postSolution
		{7FE34FDB-6105-40C6-8AFD-C88EB1969031}.Debug|Any CPU.ActiveCfg = Debug|Any CPU
		{7FE34FDB-6105-40C6-8AFD-C88EB1969031}.Debug|Any CPU.Build.0 = Debug|Any CPU
		{7FE34FDB-6105-40C6-8AFD-C88EB1969031}.Release|Any CPU.ActiveCfg = Release|Any CPU
		{7FE34FDB-6105-40C6-8AFD-C88EB1969031}.Release|Any CPU.Build.0 = Release|Any CPU
		{A773F4F7-F165-40E2-A0AE-4A33AE3BC032}.Debug|Any CPU.ActiveCfg = Debug|Any CPU
		{A773F4F7-F165-40E2-A0AE-4A33AE3BC032}.Debug|Any CPU.Build.0 = Debug|Any CPU
		{A773F4F7-F165-40E2-A0AE-4A33AE3BC032}.Release|Any CPU.ActiveCfg = Release|Any CPU
		{A773F4F7-F165-40E2-A0AE-4A33AE3BC032}.Release|Any CPU.Build.0 = Release|Any CPU
	EndGlobalSection
	GlobalSection(SolutionProperties) = preSolution
		HideSolutionNode = FALSE
	EndGlobalSection
	GlobalSection(ExtensibilityGlobals) = postSolution
		SolutionGuid = {C15D5D5A-B1FB-4C85-954D-9F6A8F3D52F7}
	EndGlobalSection
EndGlobal
